
Microsoft Visual Studio Solution File, Format Version 12.00
# Visual Studio 14
VisualStudioVersion = 14.0.25420.1
MinimumVisualStudioVersion = 10.0.40219.1
Project("{2150E333-8FDC-42A3-9474-1A3956D46DE8}") = "Engine", "Engine", "{68CB15C8-5862-4613-BCAC-FDB49BCC0BE0}"
EndProject
Project("{2150E333-8FDC-42A3-9474-1A3956D46DE8}") = "Games", "Games", "{A63572AD-9A3A-437C-BA8C-C8EE43BA2562}"
EndProject
Project("{8BC9CEB8-8B4A-11D0-8D11-00A0C91BC942}") = "UE4", "Intermediate\ProjectFiles\UE4.vcxproj", "{47D1B21B-1DE1-4859-8F8B-DB9F3B0C0BF9}"
EndProject
Project("{8BC9CEB8-8B4A-11D0-8D11-00A0C91BC942}") = "CCE", "Intermediate\ProjectFiles\CCE.vcxproj", "{1238C453-B028-446A-BA9B-5F6BEAB59F1C}"
EndProject
Project("{8BC9CEB8-8B4A-11D0-8D11-00A0C91BC942}") = "NEAT", "NEAT\NEAT.vcxproj", "{A63FC2F4-49D0-439E-927C-CE1B9E588D96}"
EndProject
Global
	GlobalSection(SolutionConfigurationPlatforms) = preSolution
		Debug|Android = Debug|Android
		Debug|HTML5 = Debug|HTML5
		Debug|Win32 = Debug|Win32
		Debug|Win64 = Debug|Win64
		Debug|x64 = Debug|x64
		DebugGame Editor|Android = DebugGame Editor|Android
		DebugGame Editor|HTML5 = DebugGame Editor|HTML5
		DebugGame Editor|Win32 = DebugGame Editor|Win32
		DebugGame Editor|Win64 = DebugGame Editor|Win64
		DebugGame Editor|x64 = DebugGame Editor|x64
		DebugGame|Android = DebugGame|Android
		DebugGame|HTML5 = DebugGame|HTML5
		DebugGame|Win32 = DebugGame|Win32
		DebugGame|Win64 = DebugGame|Win64
		DebugGame|x64 = DebugGame|x64
		Development Editor|Android = Development Editor|Android
		Development Editor|HTML5 = Development Editor|HTML5
		Development Editor|Win32 = Development Editor|Win32
		Development Editor|Win64 = Development Editor|Win64
		Development Editor|x64 = Development Editor|x64
		Development|Android = Development|Android
		Development|HTML5 = Development|HTML5
		Development|Win32 = Development|Win32
		Development|Win64 = Development|Win64
		Development|x64 = Development|x64
		Release|Android = Release|Android
		Release|HTML5 = Release|HTML5
		Release|Win32 = Release|Win32
		Release|Win64 = Release|Win64
		Release|x64 = Release|x64
		Shipping|Android = Shipping|Android
		Shipping|HTML5 = Shipping|HTML5
		Shipping|Win32 = Shipping|Win32
		Shipping|Win64 = Shipping|Win64
		Shipping|x64 = Shipping|x64
	EndGlobalSection
	GlobalSection(ProjectConfigurationPlatforms) = postSolution
		{47D1B21B-1DE1-4859-8F8B-DB9F3B0C0BF9}.Debug|Android.ActiveCfg = BuiltWithUnrealBuildTool|Win32
		{47D1B21B-1DE1-4859-8F8B-DB9F3B0C0BF9}.Debug|Android.Build.0 = BuiltWithUnrealBuildTool|Win32
		{47D1B21B-1DE1-4859-8F8B-DB9F3B0C0BF9}.Debug|HTML5.ActiveCfg = BuiltWithUnrealBuildTool|Win32
		{47D1B21B-1DE1-4859-8F8B-DB9F3B0C0BF9}.Debug|HTML5.Build.0 = BuiltWithUnrealBuildTool|Win32
		{47D1B21B-1DE1-4859-8F8B-DB9F3B0C0BF9}.Debug|Win32.ActiveCfg = BuiltWithUnrealBuildTool|Win32
		{47D1B21B-1DE1-4859-8F8B-DB9F3B0C0BF9}.Debug|Win32.Build.0 = BuiltWithUnrealBuildTool|Win32
		{47D1B21B-1DE1-4859-8F8B-DB9F3B0C0BF9}.Debug|Win64.ActiveCfg = BuiltWithUnrealBuildTool|Win32
		{47D1B21B-1DE1-4859-8F8B-DB9F3B0C0BF9}.Debug|Win64.Build.0 = BuiltWithUnrealBuildTool|Win32
		{47D1B21B-1DE1-4859-8F8B-DB9F3B0C0BF9}.Debug|x64.ActiveCfg = BuiltWithUnrealBuildTool|Win32
		{47D1B21B-1DE1-4859-8F8B-DB9F3B0C0BF9}.Debug|x64.Build.0 = BuiltWithUnrealBuildTool|Win32
		{47D1B21B-1DE1-4859-8F8B-DB9F3B0C0BF9}.DebugGame Editor|Android.ActiveCfg = BuiltWithUnrealBuildTool|Win32
		{47D1B21B-1DE1-4859-8F8B-DB9F3B0C0BF9}.DebugGame Editor|Android.Build.0 = BuiltWithUnrealBuildTool|Win32
		{47D1B21B-1DE1-4859-8F8B-DB9F3B0C0BF9}.DebugGame Editor|HTML5.ActiveCfg = BuiltWithUnrealBuildTool|Win32
		{47D1B21B-1DE1-4859-8F8B-DB9F3B0C0BF9}.DebugGame Editor|HTML5.Build.0 = BuiltWithUnrealBuildTool|Win32
		{47D1B21B-1DE1-4859-8F8B-DB9F3B0C0BF9}.DebugGame Editor|Win32.ActiveCfg = BuiltWithUnrealBuildTool|Win32
		{47D1B21B-1DE1-4859-8F8B-DB9F3B0C0BF9}.DebugGame Editor|Win32.Build.0 = BuiltWithUnrealBuildTool|Win32
		{47D1B21B-1DE1-4859-8F8B-DB9F3B0C0BF9}.DebugGame Editor|Win64.ActiveCfg = BuiltWithUnrealBuildTool|Win32
		{47D1B21B-1DE1-4859-8F8B-DB9F3B0C0BF9}.DebugGame Editor|Win64.Build.0 = BuiltWithUnrealBuildTool|Win32
		{47D1B21B-1DE1-4859-8F8B-DB9F3B0C0BF9}.DebugGame Editor|x64.ActiveCfg = BuiltWithUnrealBuildTool|Win32
		{47D1B21B-1DE1-4859-8F8B-DB9F3B0C0BF9}.DebugGame Editor|x64.Build.0 = BuiltWithUnrealBuildTool|Win32
		{47D1B21B-1DE1-4859-8F8B-DB9F3B0C0BF9}.DebugGame|Android.ActiveCfg = BuiltWithUnrealBuildTool|Win32
		{47D1B21B-1DE1-4859-8F8B-DB9F3B0C0BF9}.DebugGame|Android.Build.0 = BuiltWithUnrealBuildTool|Win32
		{47D1B21B-1DE1-4859-8F8B-DB9F3B0C0BF9}.DebugGame|HTML5.ActiveCfg = BuiltWithUnrealBuildTool|Win32
		{47D1B21B-1DE1-4859-8F8B-DB9F3B0C0BF9}.DebugGame|HTML5.Build.0 = BuiltWithUnrealBuildTool|Win32
		{47D1B21B-1DE1-4859-8F8B-DB9F3B0C0BF9}.DebugGame|Win32.ActiveCfg = BuiltWithUnrealBuildTool|Win32
		{47D1B21B-1DE1-4859-8F8B-DB9F3B0C0BF9}.DebugGame|Win32.Build.0 = BuiltWithUnrealBuildTool|Win32
		{47D1B21B-1DE1-4859-8F8B-DB9F3B0C0BF9}.DebugGame|Win64.ActiveCfg = BuiltWithUnrealBuildTool|Win32
		{47D1B21B-1DE1-4859-8F8B-DB9F3B0C0BF9}.DebugGame|Win64.Build.0 = BuiltWithUnrealBuildTool|Win32
		{47D1B21B-1DE1-4859-8F8B-DB9F3B0C0BF9}.DebugGame|x64.ActiveCfg = BuiltWithUnrealBuildTool|Win32
		{47D1B21B-1DE1-4859-8F8B-DB9F3B0C0BF9}.DebugGame|x64.Build.0 = BuiltWithUnrealBuildTool|Win32
		{47D1B21B-1DE1-4859-8F8B-DB9F3B0C0BF9}.Development Editor|Android.ActiveCfg = BuiltWithUnrealBuildTool|Win32
		{47D1B21B-1DE1-4859-8F8B-DB9F3B0C0BF9}.Development Editor|Android.Build.0 = BuiltWithUnrealBuildTool|Win32
		{47D1B21B-1DE1-4859-8F8B-DB9F3B0C0BF9}.Development Editor|HTML5.ActiveCfg = BuiltWithUnrealBuildTool|Win32
		{47D1B21B-1DE1-4859-8F8B-DB9F3B0C0BF9}.Development Editor|HTML5.Build.0 = BuiltWithUnrealBuildTool|Win32
		{47D1B21B-1DE1-4859-8F8B-DB9F3B0C0BF9}.Development Editor|Win32.ActiveCfg = BuiltWithUnrealBuildTool|Win32
		{47D1B21B-1DE1-4859-8F8B-DB9F3B0C0BF9}.Development Editor|Win32.Build.0 = BuiltWithUnrealBuildTool|Win32
		{47D1B21B-1DE1-4859-8F8B-DB9F3B0C0BF9}.Development Editor|Win64.ActiveCfg = BuiltWithUnrealBuildTool|Win32
		{47D1B21B-1DE1-4859-8F8B-DB9F3B0C0BF9}.Development Editor|Win64.Build.0 = BuiltWithUnrealBuildTool|Win32
		{47D1B21B-1DE1-4859-8F8B-DB9F3B0C0BF9}.Development Editor|x64.ActiveCfg = BuiltWithUnrealBuildTool|Win32
		{47D1B21B-1DE1-4859-8F8B-DB9F3B0C0BF9}.Development Editor|x64.Build.0 = BuiltWithUnrealBuildTool|Win32
		{47D1B21B-1DE1-4859-8F8B-DB9F3B0C0BF9}.Development|Android.ActiveCfg = BuiltWithUnrealBuildTool|Win32
		{47D1B21B-1DE1-4859-8F8B-DB9F3B0C0BF9}.Development|Android.Build.0 = BuiltWithUnrealBuildTool|Win32
		{47D1B21B-1DE1-4859-8F8B-DB9F3B0C0BF9}.Development|HTML5.ActiveCfg = BuiltWithUnrealBuildTool|Win32
		{47D1B21B-1DE1-4859-8F8B-DB9F3B0C0BF9}.Development|HTML5.Build.0 = BuiltWithUnrealBuildTool|Win32
		{47D1B21B-1DE1-4859-8F8B-DB9F3B0C0BF9}.Development|Win32.ActiveCfg = BuiltWithUnrealBuildTool|Win32
		{47D1B21B-1DE1-4859-8F8B-DB9F3B0C0BF9}.Development|Win32.Build.0 = BuiltWithUnrealBuildTool|Win32
		{47D1B21B-1DE1-4859-8F8B-DB9F3B0C0BF9}.Development|Win64.ActiveCfg = BuiltWithUnrealBuildTool|Win32
		{47D1B21B-1DE1-4859-8F8B-DB9F3B0C0BF9}.Development|Win64.Build.0 = BuiltWithUnrealBuildTool|Win32
		{47D1B21B-1DE1-4859-8F8B-DB9F3B0C0BF9}.Development|x64.ActiveCfg = BuiltWithUnrealBuildTool|Win32
		{47D1B21B-1DE1-4859-8F8B-DB9F3B0C0BF9}.Development|x64.Build.0 = BuiltWithUnrealBuildTool|Win32
		{47D1B21B-1DE1-4859-8F8B-DB9F3B0C0BF9}.Release|Android.ActiveCfg = BuiltWithUnrealBuildTool|Win32
		{47D1B21B-1DE1-4859-8F8B-DB9F3B0C0BF9}.Release|Android.Build.0 = BuiltWithUnrealBuildTool|Win32
		{47D1B21B-1DE1-4859-8F8B-DB9F3B0C0BF9}.Release|HTML5.ActiveCfg = BuiltWithUnrealBuildTool|Win32
		{47D1B21B-1DE1-4859-8F8B-DB9F3B0C0BF9}.Release|HTML5.Build.0 = BuiltWithUnrealBuildTool|Win32
		{47D1B21B-1DE1-4859-8F8B-DB9F3B0C0BF9}.Release|Win32.ActiveCfg = BuiltWithUnrealBuildTool|Win32
		{47D1B21B-1DE1-4859-8F8B-DB9F3B0C0BF9}.Release|Win32.Build.0 = BuiltWithUnrealBuildTool|Win32
		{47D1B21B-1DE1-4859-8F8B-DB9F3B0C0BF9}.Release|Win64.ActiveCfg = BuiltWithUnrealBuildTool|Win32
		{47D1B21B-1DE1-4859-8F8B-DB9F3B0C0BF9}.Release|x64.ActiveCfg = BuiltWithUnrealBuildTool|Win32
		{47D1B21B-1DE1-4859-8F8B-DB9F3B0C0BF9}.Release|x64.Build.0 = BuiltWithUnrealBuildTool|Win32
		{47D1B21B-1DE1-4859-8F8B-DB9F3B0C0BF9}.Shipping|Android.ActiveCfg = BuiltWithUnrealBuildTool|Win32
		{47D1B21B-1DE1-4859-8F8B-DB9F3B0C0BF9}.Shipping|Android.Build.0 = BuiltWithUnrealBuildTool|Win32
		{47D1B21B-1DE1-4859-8F8B-DB9F3B0C0BF9}.Shipping|HTML5.ActiveCfg = BuiltWithUnrealBuildTool|Win32
		{47D1B21B-1DE1-4859-8F8B-DB9F3B0C0BF9}.Shipping|HTML5.Build.0 = BuiltWithUnrealBuildTool|Win32
		{47D1B21B-1DE1-4859-8F8B-DB9F3B0C0BF9}.Shipping|Win32.ActiveCfg = BuiltWithUnrealBuildTool|Win32
		{47D1B21B-1DE1-4859-8F8B-DB9F3B0C0BF9}.Shipping|Win32.Build.0 = BuiltWithUnrealBuildTool|Win32
		{47D1B21B-1DE1-4859-8F8B-DB9F3B0C0BF9}.Shipping|Win64.ActiveCfg = BuiltWithUnrealBuildTool|Win32
		{47D1B21B-1DE1-4859-8F8B-DB9F3B0C0BF9}.Shipping|Win64.Build.0 = BuiltWithUnrealBuildTool|Win32
		{47D1B21B-1DE1-4859-8F8B-DB9F3B0C0BF9}.Shipping|x64.ActiveCfg = BuiltWithUnrealBuildTool|Win32
		{47D1B21B-1DE1-4859-8F8B-DB9F3B0C0BF9}.Shipping|x64.Build.0 = BuiltWithUnrealBuildTool|Win32
		{1238C453-B028-446A-BA9B-5F6BEAB59F1C}.Debug|Android.ActiveCfg = HTML5_Shipping_Game|Tegra-Android
		{1238C453-B028-446A-BA9B-5F6BEAB59F1C}.Debug|Android.Build.0 = HTML5_Shipping_Game|Tegra-Android
		{1238C453-B028-446A-BA9B-5F6BEAB59F1C}.Debug|HTML5.ActiveCfg = HTML5_Shipping_Game|Tegra-Android
		{1238C453-B028-446A-BA9B-5F6BEAB59F1C}.Debug|HTML5.Build.0 = HTML5_Shipping_Game|Tegra-Android
		{1238C453-B028-446A-BA9B-5F6BEAB59F1C}.Debug|Win32.ActiveCfg = DebugGame_Game|Win32
		{1238C453-B028-446A-BA9B-5F6BEAB59F1C}.Debug|Win32.Build.0 = DebugGame_Game|Win32
		{1238C453-B028-446A-BA9B-5F6BEAB59F1C}.Debug|Win64.ActiveCfg = HTML5_Shipping_Game|Tegra-Android
		{1238C453-B028-446A-BA9B-5F6BEAB59F1C}.Debug|Win64.Build.0 = HTML5_Shipping_Game|Tegra-Android
		{1238C453-B028-446A-BA9B-5F6BEAB59F1C}.Debug|x64.ActiveCfg = HTML5_DebugGame_Game|x64
		{1238C453-B028-446A-BA9B-5F6BEAB59F1C}.Debug|x64.Build.0 = HTML5_DebugGame_Game|x64
		{1238C453-B028-446A-BA9B-5F6BEAB59F1C}.DebugGame Editor|Android.ActiveCfg = DebugGame_Editor|Tegra-Android
		{1238C453-B028-446A-BA9B-5F6BEAB59F1C}.DebugGame Editor|HTML5.ActiveCfg = HTML5_DebugGame_Editor|Win32
		{1238C453-B028-446A-BA9B-5F6BEAB59F1C}.DebugGame Editor|Win32.ActiveCfg = DebugGame_Editor|Win32
		{1238C453-B028-446A-BA9B-5F6BEAB59F1C}.DebugGame Editor|Win64.ActiveCfg = DebugGame_Editor|x64
		{1238C453-B028-446A-BA9B-5F6BEAB59F1C}.DebugGame Editor|Win64.Build.0 = DebugGame_Editor|x64
		{1238C453-B028-446A-BA9B-5F6BEAB59F1C}.DebugGame Editor|x64.ActiveCfg = DebugGame_Game|x64
		{1238C453-B028-446A-BA9B-5F6BEAB59F1C}.DebugGame Editor|x64.Build.0 = DebugGame_Game|x64
		{1238C453-B028-446A-BA9B-5F6BEAB59F1C}.DebugGame|Android.ActiveCfg = DebugGame_Game|Tegra-Android
		{1238C453-B028-446A-BA9B-5F6BEAB59F1C}.DebugGame|Android.Build.0 = DebugGame_Game|Tegra-Android
		{1238C453-B028-446A-BA9B-5F6BEAB59F1C}.DebugGame|HTML5.ActiveCfg = HTML5_DebugGame_Game|Win32
		{1238C453-B028-446A-BA9B-5F6BEAB59F1C}.DebugGame|HTML5.Build.0 = HTML5_DebugGame_Game|Win32
		{1238C453-B028-446A-BA9B-5F6BEAB59F1C}.DebugGame|Win32.ActiveCfg = DebugGame_Game|Win32
		{1238C453-B028-446A-BA9B-5F6BEAB59F1C}.DebugGame|Win32.Build.0 = DebugGame_Game|Win32
		{1238C453-B028-446A-BA9B-5F6BEAB59F1C}.DebugGame|Win64.ActiveCfg = DebugGame_Game|x64
		{1238C453-B028-446A-BA9B-5F6BEAB59F1C}.DebugGame|Win64.Build.0 = DebugGame_Game|x64
		{1238C453-B028-446A-BA9B-5F6BEAB59F1C}.DebugGame|x64.ActiveCfg = HTML5_DebugGame_Game|x64
		{1238C453-B028-446A-BA9B-5F6BEAB59F1C}.DebugGame|x64.Build.0 = HTML5_DebugGame_Game|x64
		{1238C453-B028-446A-BA9B-5F6BEAB59F1C}.Development Editor|Android.ActiveCfg = Development_Editor|Tegra-Android
		{1238C453-B028-446A-BA9B-5F6BEAB59F1C}.Development Editor|HTML5.ActiveCfg = HTML5_Development_Editor|Win32
		{1238C453-B028-446A-BA9B-5F6BEAB59F1C}.Development Editor|Win32.ActiveCfg = Development_Editor|Win32
		{1238C453-B028-446A-BA9B-5F6BEAB59F1C}.Development Editor|Win64.ActiveCfg = Development_Editor|x64
		{1238C453-B028-446A-BA9B-5F6BEAB59F1C}.Development Editor|Win64.Build.0 = Development_Editor|x64
		{1238C453-B028-446A-BA9B-5F6BEAB59F1C}.Development Editor|x64.ActiveCfg = Development_Game|x64
		{1238C453-B028-446A-BA9B-5F6BEAB59F1C}.Development Editor|x64.Build.0 = Development_Game|x64
		{1238C453-B028-446A-BA9B-5F6BEAB59F1C}.Development|Android.ActiveCfg = Development_Game|Tegra-Android
		{1238C453-B028-446A-BA9B-5F6BEAB59F1C}.Development|Android.Build.0 = Development_Game|Tegra-Android
		{1238C453-B028-446A-BA9B-5F6BEAB59F1C}.Development|HTML5.ActiveCfg = HTML5_Development_Game|Win32
		{1238C453-B028-446A-BA9B-5F6BEAB59F1C}.Development|HTML5.Build.0 = HTML5_Development_Game|Win32
		{1238C453-B028-446A-BA9B-5F6BEAB59F1C}.Development|Win32.ActiveCfg = Development_Game|Win32
		{1238C453-B028-446A-BA9B-5F6BEAB59F1C}.Development|Win32.Build.0 = Development_Game|Win32
		{1238C453-B028-446A-BA9B-5F6BEAB59F1C}.Development|Win64.ActiveCfg = Development_Game|x64
		{1238C453-B028-446A-BA9B-5F6BEAB59F1C}.Development|Win64.Build.0 = Development_Game|x64
		{1238C453-B028-446A-BA9B-5F6BEAB59F1C}.Development|x64.ActiveCfg = HTML5_Development_Editor|x64
		{1238C453-B028-446A-BA9B-5F6BEAB59F1C}.Development|x64.Build.0 = HTML5_Development_Editor|x64
		{1238C453-B028-446A-BA9B-5F6BEAB59F1C}.Release|Android.ActiveCfg = HTML5_Shipping_Game|Tegra-Android
		{1238C453-B028-446A-BA9B-5F6BEAB59F1C}.Release|Android.Build.0 = HTML5_Shipping_Game|Tegra-Android
		{1238C453-B028-446A-BA9B-5F6BEAB59F1C}.Release|HTML5.ActiveCfg = HTML5_Shipping_Game|Tegra-Android
		{1238C453-B028-446A-BA9B-5F6BEAB59F1C}.Release|HTML5.Build.0 = HTML5_Shipping_Game|Tegra-Android
		{1238C453-B028-446A-BA9B-5F6BEAB59F1C}.Release|Win32.ActiveCfg = Shipping_Game|Win32
		{1238C453-B028-446A-BA9B-5F6BEAB59F1C}.Release|Win32.Build.0 = Shipping_Game|Win32
		{1238C453-B028-446A-BA9B-5F6BEAB59F1C}.Release|Win64.ActiveCfg = HTML5_Shipping_Game|Tegra-Android
		{1238C453-B028-446A-BA9B-5F6BEAB59F1C}.Release|x64.ActiveCfg = HTML5_DebugGame_Game|x64
		{1238C453-B028-446A-BA9B-5F6BEAB59F1C}.Release|x64.Build.0 = HTML5_DebugGame_Game|x64
		{1238C453-B028-446A-BA9B-5F6BEAB59F1C}.Shipping|Android.ActiveCfg = Shipping_Game|Tegra-Android
		{1238C453-B028-446A-BA9B-5F6BEAB59F1C}.Shipping|Android.Build.0 = Shipping_Game|Tegra-Android
		{1238C453-B028-446A-BA9B-5F6BEAB59F1C}.Shipping|HTML5.ActiveCfg = HTML5_Shipping_Game|Win32
		{1238C453-B028-446A-BA9B-5F6BEAB59F1C}.Shipping|HTML5.Build.0 = HTML5_Shipping_Game|Win32
		{1238C453-B028-446A-BA9B-5F6BEAB59F1C}.Shipping|Win32.ActiveCfg = Shipping_Game|Win32
		{1238C453-B028-446A-BA9B-5F6BEAB59F1C}.Shipping|Win32.Build.0 = Shipping_Game|Win32
		{1238C453-B028-446A-BA9B-5F6BEAB59F1C}.Shipping|Win64.ActiveCfg = Shipping_Game|x64
		{1238C453-B028-446A-BA9B-5F6BEAB59F1C}.Shipping|Win64.Build.0 = Shipping_Game|x64
		{1238C453-B028-446A-BA9B-5F6BEAB59F1C}.Shipping|x64.ActiveCfg = HTML5_Shipping_Game|x64
		{1238C453-B028-446A-BA9B-5F6BEAB59F1C}.Shipping|x64.Build.0 = HTML5_Shipping_Game|x64
		{A63FC2F4-49D0-439E-927C-CE1B9E588D96}.Debug|Android.ActiveCfg = Debug|Win32
		{A63FC2F4-49D0-439E-927C-CE1B9E588D96}.Debug|HTML5.ActiveCfg = Debug|Win32
		{A63FC2F4-49D0-439E-927C-CE1B9E588D96}.Debug|Win32.ActiveCfg = Debug|Win32
		{A63FC2F4-49D0-439E-927C-CE1B9E588D96}.Debug|Win32.Build.0 = Debug|Win32
		{A63FC2F4-49D0-439E-927C-CE1B9E588D96}.Debug|Win64.ActiveCfg = Debug|Win32
		{A63FC2F4-49D0-439E-927C-CE1B9E588D96}.Debug|x64.ActiveCfg = Debug|x64
		{A63FC2F4-49D0-439E-927C-CE1B9E588D96}.Debug|x64.Build.0 = Debug|x64
		{A63FC2F4-49D0-439E-927C-CE1B9E588D96}.DebugGame Editor|Android.ActiveCfg = Release|x64
		{A63FC2F4-49D0-439E-927C-CE1B9E588D96}.DebugGame Editor|Android.Build.0 = Release|x64
		{A63FC2F4-49D0-439E-927C-CE1B9E588D96}.DebugGame Editor|HTML5.ActiveCfg = Release|x64
		{A63FC2F4-49D0-439E-927C-CE1B9E588D96}.DebugGame Editor|HTML5.Build.0 = Release|x64
		{A63FC2F4-49D0-439E-927C-CE1B9E588D96}.DebugGame Editor|Win32.ActiveCfg = Debug|Win32
		{A63FC2F4-49D0-439E-927C-CE1B9E588D96}.DebugGame Editor|Win32.Build.0 = Debug|Win32
		{A63FC2F4-49D0-439E-927C-CE1B9E588D96}.DebugGame Editor|Win64.ActiveCfg = Release|x64
		{A63FC2F4-49D0-439E-927C-CE1B9E588D96}.DebugGame Editor|Win64.Build.0 = Release|x64
		{A63FC2F4-49D0-439E-927C-CE1B9E588D96}.DebugGame Editor|x64.ActiveCfg = Debug|x64
		{A63FC2F4-49D0-439E-927C-CE1B9E588D96}.DebugGame Editor|x64.Build.0 = Debug|x64
		{A63FC2F4-49D0-439E-927C-CE1B9E588D96}.DebugGame|Android.ActiveCfg = Release|x64
		{A63FC2F4-49D0-439E-927C-CE1B9E588D96}.DebugGame|Android.Build.0 = Release|x64
		{A63FC2F4-49D0-439E-927C-CE1B9E588D96}.DebugGame|HTML5.ActiveCfg = Release|x64
		{A63FC2F4-49D0-439E-927C-CE1B9E588D96}.DebugGame|HTML5.Build.0 = Release|x64
		{A63FC2F4-49D0-439E-927C-CE1B9E588D96}.DebugGame|Win32.ActiveCfg = Debug|Win32
		{A63FC2F4-49D0-439E-927C-CE1B9E588D96}.DebugGame|Win32.Build.0 = Debug|Win32
		{A63FC2F4-49D0-439E-927C-CE1B9E588D96}.DebugGame|Win64.ActiveCfg = Release|x64
		{A63FC2F4-49D0-439E-927C-CE1B9E588D96}.DebugGame|Win64.Build.0 = Release|x64
		{A63FC2F4-49D0-439E-927C-CE1B9E588D96}.DebugGame|x64.ActiveCfg = Debug|x64
		{A63FC2F4-49D0-439E-927C-CE1B9E588D96}.DebugGame|x64.Build.0 = Debug|x64
		{A63FC2F4-49D0-439E-927C-CE1B9E588D96}.Development Editor|Android.ActiveCfg = Release|x64
		{A63FC2F4-49D0-439E-927C-CE1B9E588D96}.Development Editor|Android.Build.0 = Release|x64
		{A63FC2F4-49D0-439E-927C-CE1B9E588D96}.Development Editor|HTML5.ActiveCfg = Release|x64
		{A63FC2F4-49D0-439E-927C-CE1B9E588D96}.Development Editor|HTML5.Build.0 = Release|x64
		{A63FC2F4-49D0-439E-927C-CE1B9E588D96}.Development Editor|Win32.ActiveCfg = Debug|Win32
		{A63FC2F4-49D0-439E-927C-CE1B9E588D96}.Development Editor|Win32.Build.0 = Debug|Win32
		{A63FC2F4-49D0-439E-927C-CE1B9E588D96}.Development Editor|Win64.ActiveCfg = Release|x64
		{A63FC2F4-49D0-439E-927C-CE1B9E588D96}.Development Editor|Win64.Build.0 = Release|x64
		{A63FC2F4-49D0-439E-927C-CE1B9E588D96}.Development Editor|x64.ActiveCfg = Debug|x64
		{A63FC2F4-49D0-439E-927C-CE1B9E588D96}.Development Editor|x64.Build.0 = Debug|x64
		{A63FC2F4-49D0-439E-927C-CE1B9E588D96}.Development|Android.ActiveCfg = Release|x64
		{A63FC2F4-49D0-439E-927C-CE1B9E588D96}.Development|Android.Build.0 = Release|x64
		{A63FC2F4-49D0-439E-927C-CE1B9E588D96}.Development|HTML5.ActiveCfg = Release|x64
		{A63FC2F4-49D0-439E-927C-CE1B9E588D96}.Development|HTML5.Build.0 = Release|x64
		{A63FC2F4-49D0-439E-927C-CE1B9E588D96}.Development|Win32.ActiveCfg = Debug|Win32
		{A63FC2F4-49D0-439E-927C-CE1B9E588D96}.Development|Win32.Build.0 = Debug|Win32
		{A63FC2F4-49D0-439E-927C-CE1B9E588D96}.Development|Win64.ActiveCfg = Release|x64
		{A63FC2F4-49D0-439E-927C-CE1B9E588D96}.Development|Win64.Build.0 = Release|x64
		{A63FC2F4-49D0-439E-927C-CE1B9E588D96}.Development|x64.ActiveCfg = Debug|x64
		{A63FC2F4-49D0-439E-927C-CE1B9E588D96}.Development|x64.Build.0 = Debug|x64
		{A63FC2F4-49D0-439E-927C-CE1B9E588D96}.Release|Android.ActiveCfg = Release|Win32
		{A63FC2F4-49D0-439E-927C-CE1B9E588D96}.Release|HTML5.ActiveCfg = Release|Win32
		{A63FC2F4-49D0-439E-927C-CE1B9E588D96}.Release|Win32.ActiveCfg = Release|Win32
		{A63FC2F4-49D0-439E-927C-CE1B9E588D96}.Release|Win32.Build.0 = Release|Win32
		{A63FC2F4-49D0-439E-927C-CE1B9E588D96}.Release|Win64.ActiveCfg = Debug|Win32
		{A63FC2F4-49D0-439E-927C-CE1B9E588D96}.Release|Win64.Build.0 = Debug|Win32
		{A63FC2F4-49D0-439E-927C-CE1B9E588D96}.Release|x64.ActiveCfg = Release|x64
		{A63FC2F4-49D0-439E-927C-CE1B9E588D96}.Release|x64.Build.0 = Release|x64
		{A63FC2F4-49D0-439E-927C-CE1B9E588D96}.Shipping|Android.ActiveCfg = Release|x64
		{A63FC2F4-49D0-439E-927C-CE1B9E588D96}.Shipping|Android.Build.0 = Release|x64
		{A63FC2F4-49D0-439E-927C-CE1B9E588D96}.Shipping|HTML5.ActiveCfg = Release|x64
		{A63FC2F4-49D0-439E-927C-CE1B9E588D96}.Shipping|HTML5.Build.0 = Release|x64
		{A63FC2F4-49D0-439E-927C-CE1B9E588D96}.Shipping|Win32.ActiveCfg = Release|Win32
		{A63FC2F4-49D0-439E-927C-CE1B9E588D96}.Shipping|Win32.Build.0 = Release|Win32
		{A63FC2F4-49D0-439E-927C-CE1B9E588D96}.Shipping|Win64.ActiveCfg = Release|x64
		{A63FC2F4-49D0-439E-927C-CE1B9E588D96}.Shipping|Win64.Build.0 = Release|x64
		{A63FC2F4-49D0-439E-927C-CE1B9E588D96}.Shipping|x64.ActiveCfg = Release|x64
		{A63FC2F4-49D0-439E-927C-CE1B9E588D96}.Shipping|x64.Build.0 = Release|x64
	EndGlobalSection
	GlobalSection(SolutionProperties) = preSolution
		HideSolutionNode = FALSE
	EndGlobalSection
	GlobalSection(NestedProjects) = preSolution
		{47D1B21B-1DE1-4859-8F8B-DB9F3B0C0BF9} = {68CB15C8-5862-4613-BCAC-FDB49BCC0BE0}
		{1238C453-B028-446A-BA9B-5F6BEAB59F1C} = {A63572AD-9A3A-437C-BA8C-C8EE43BA2562}
		{A63FC2F4-49D0-439E-927C-CE1B9E588D96} = {A63572AD-9A3A-437C-BA8C-C8EE43BA2562}
	EndGlobalSection
EndGlobal
