
Microsoft Visual Studio Solution File, Format Version 12.00
# Visual Studio 14
VisualStudioVersion = 14.0.25420.1
MinimumVisualStudioVersion = 10.0.40219.1
Project("{2150E333-8FDC-42A3-9474-1A3956D46DE8}") = "Engine", "Engine", "{5489F2C2-11CB-4546-9FC1-A1F403BCA2ED}"
EndProject
Project("{2150E333-8FDC-42A3-9474-1A3956D46DE8}") = "Games", "Games", "{BA27D8A0-89CA-4EFB-8F3E-0393373AAA0F}"
EndProject
Project("{8BC9CEB8-8B4A-11D0-8D11-00A0C91BC942}") = "UE4", "Intermediate\ProjectFiles\UE4.vcxproj", "{455E20A9-211D-43F2-A2C0-0B8EC2C48483}"
EndProject
Project("{8BC9CEB8-8B4A-11D0-8D11-00A0C91BC942}") = "CCE", "Intermediate\ProjectFiles\CCE.vcxproj", "{B070F22F-5478-4390-A6B6-35E2DE78967A}"
EndProject
Global
	GlobalSection(SolutionConfigurationPlatforms) = preSolution
		DebugGame Editor|Android = DebugGame Editor|Android
		DebugGame Editor|HTML5 = DebugGame Editor|HTML5
		DebugGame Editor|Win32 = DebugGame Editor|Win32
		DebugGame Editor|Win64 = DebugGame Editor|Win64
		DebugGame|Android = DebugGame|Android
		DebugGame|HTML5 = DebugGame|HTML5
		DebugGame|Win32 = DebugGame|Win32
		DebugGame|Win64 = DebugGame|Win64
		Development Editor|Android = Development Editor|Android
		Development Editor|HTML5 = Development Editor|HTML5
		Development Editor|Win32 = Development Editor|Win32
		Development Editor|Win64 = Development Editor|Win64
		Development|Android = Development|Android
		Development|HTML5 = Development|HTML5
		Development|Win32 = Development|Win32
		Development|Win64 = Development|Win64
		Shipping|Android = Shipping|Android
		Shipping|HTML5 = Shipping|HTML5
		Shipping|Win32 = Shipping|Win32
		Shipping|Win64 = Shipping|Win64
	EndGlobalSection
	GlobalSection(ProjectConfigurationPlatforms) = postSolution
		{455E20A9-211D-43F2-A2C0-0B8EC2C48483}.DebugGame Editor|Android.ActiveCfg = BuiltWithUnrealBuildTool|Win32
		{455E20A9-211D-43F2-A2C0-0B8EC2C48483}.DebugGame Editor|Android.Build.0 = BuiltWithUnrealBuildTool|Win32
		{455E20A9-211D-43F2-A2C0-0B8EC2C48483}.DebugGame Editor|HTML5.ActiveCfg = BuiltWithUnrealBuildTool|Win32
		{455E20A9-211D-43F2-A2C0-0B8EC2C48483}.DebugGame Editor|HTML5.Build.0 = BuiltWithUnrealBuildTool|Win32
		{455E20A9-211D-43F2-A2C0-0B8EC2C48483}.DebugGame Editor|Win32.ActiveCfg = BuiltWithUnrealBuildTool|Win32
		{455E20A9-211D-43F2-A2C0-0B8EC2C48483}.DebugGame Editor|Win32.Build.0 = BuiltWithUnrealBuildTool|Win32
		{455E20A9-211D-43F2-A2C0-0B8EC2C48483}.DebugGame Editor|Win64.ActiveCfg = BuiltWithUnrealBuildTool|Win32
		{455E20A9-211D-43F2-A2C0-0B8EC2C48483}.DebugGame Editor|Win64.Build.0 = BuiltWithUnrealBuildTool|Win32
		{455E20A9-211D-43F2-A2C0-0B8EC2C48483}.DebugGame|Android.ActiveCfg = BuiltWithUnrealBuildTool|Win32
		{455E20A9-211D-43F2-A2C0-0B8EC2C48483}.DebugGame|Android.Build.0 = BuiltWithUnrealBuildTool|Win32
		{455E20A9-211D-43F2-A2C0-0B8EC2C48483}.DebugGame|HTML5.ActiveCfg = BuiltWithUnrealBuildTool|Win32
		{455E20A9-211D-43F2-A2C0-0B8EC2C48483}.DebugGame|HTML5.Build.0 = BuiltWithUnrealBuildTool|Win32
		{455E20A9-211D-43F2-A2C0-0B8EC2C48483}.DebugGame|Win32.ActiveCfg = BuiltWithUnrealBuildTool|Win32
		{455E20A9-211D-43F2-A2C0-0B8EC2C48483}.DebugGame|Win32.Build.0 = BuiltWithUnrealBuildTool|Win32
		{455E20A9-211D-43F2-A2C0-0B8EC2C48483}.DebugGame|Win64.ActiveCfg = BuiltWithUnrealBuildTool|Win32
		{455E20A9-211D-43F2-A2C0-0B8EC2C48483}.DebugGame|Win64.Build.0 = BuiltWithUnrealBuildTool|Win32
		{455E20A9-211D-43F2-A2C0-0B8EC2C48483}.Development Editor|Android.ActiveCfg = BuiltWithUnrealBuildTool|Win32
		{455E20A9-211D-43F2-A2C0-0B8EC2C48483}.Development Editor|Android.Build.0 = BuiltWithUnrealBuildTool|Win32
		{455E20A9-211D-43F2-A2C0-0B8EC2C48483}.Development Editor|HTML5.ActiveCfg = BuiltWithUnrealBuildTool|Win32
		{455E20A9-211D-43F2-A2C0-0B8EC2C48483}.Development Editor|HTML5.Build.0 = BuiltWithUnrealBuildTool|Win32
		{455E20A9-211D-43F2-A2C0-0B8EC2C48483}.Development Editor|Win32.ActiveCfg = BuiltWithUnrealBuildTool|Win32
		{455E20A9-211D-43F2-A2C0-0B8EC2C48483}.Development Editor|Win32.Build.0 = BuiltWithUnrealBuildTool|Win32
		{455E20A9-211D-43F2-A2C0-0B8EC2C48483}.Development Editor|Win64.ActiveCfg = BuiltWithUnrealBuildTool|Win32
		{455E20A9-211D-43F2-A2C0-0B8EC2C48483}.Development Editor|Win64.Build.0 = BuiltWithUnrealBuildTool|Win32
		{455E20A9-211D-43F2-A2C0-0B8EC2C48483}.Development|Android.ActiveCfg = BuiltWithUnrealBuildTool|Win32
		{455E20A9-211D-43F2-A2C0-0B8EC2C48483}.Development|Android.Build.0 = BuiltWithUnrealBuildTool|Win32
		{455E20A9-211D-43F2-A2C0-0B8EC2C48483}.Development|HTML5.ActiveCfg = BuiltWithUnrealBuildTool|Win32
		{455E20A9-211D-43F2-A2C0-0B8EC2C48483}.Development|HTML5.Build.0 = BuiltWithUnrealBuildTool|Win32
		{455E20A9-211D-43F2-A2C0-0B8EC2C48483}.Development|Win32.ActiveCfg = BuiltWithUnrealBuildTool|Win32
		{455E20A9-211D-43F2-A2C0-0B8EC2C48483}.Development|Win32.Build.0 = BuiltWithUnrealBuildTool|Win32
		{455E20A9-211D-43F2-A2C0-0B8EC2C48483}.Development|Win64.ActiveCfg = BuiltWithUnrealBuildTool|Win32
		{455E20A9-211D-43F2-A2C0-0B8EC2C48483}.Development|Win64.Build.0 = BuiltWithUnrealBuildTool|Win32
		{455E20A9-211D-43F2-A2C0-0B8EC2C48483}.Shipping|Android.ActiveCfg = BuiltWithUnrealBuildTool|Win32
		{455E20A9-211D-43F2-A2C0-0B8EC2C48483}.Shipping|Android.Build.0 = BuiltWithUnrealBuildTool|Win32
		{455E20A9-211D-43F2-A2C0-0B8EC2C48483}.Shipping|HTML5.ActiveCfg = BuiltWithUnrealBuildTool|Win32
		{455E20A9-211D-43F2-A2C0-0B8EC2C48483}.Shipping|HTML5.Build.0 = BuiltWithUnrealBuildTool|Win32
		{455E20A9-211D-43F2-A2C0-0B8EC2C48483}.Shipping|Win32.ActiveCfg = BuiltWithUnrealBuildTool|Win32
		{455E20A9-211D-43F2-A2C0-0B8EC2C48483}.Shipping|Win32.Build.0 = BuiltWithUnrealBuildTool|Win32
		{455E20A9-211D-43F2-A2C0-0B8EC2C48483}.Shipping|Win64.ActiveCfg = BuiltWithUnrealBuildTool|Win32
		{455E20A9-211D-43F2-A2C0-0B8EC2C48483}.Shipping|Win64.Build.0 = BuiltWithUnrealBuildTool|Win32
		{B070F22F-5478-4390-A6B6-35E2DE78967A}.DebugGame Editor|Android.ActiveCfg = DebugGame_Editor|Tegra-Android
		{B070F22F-5478-4390-A6B6-35E2DE78967A}.DebugGame Editor|HTML5.ActiveCfg = HTML5_DebugGame_Editor|Win32
		{B070F22F-5478-4390-A6B6-35E2DE78967A}.DebugGame Editor|Win32.ActiveCfg = DebugGame_Editor|Win32
		{B070F22F-5478-4390-A6B6-35E2DE78967A}.DebugGame Editor|Win64.ActiveCfg = DebugGame_Editor|x64
		{B070F22F-5478-4390-A6B6-35E2DE78967A}.DebugGame Editor|Win64.Build.0 = DebugGame_Editor|x64
		{B070F22F-5478-4390-A6B6-35E2DE78967A}.DebugGame|Android.ActiveCfg = DebugGame_Game|Tegra-Android
		{B070F22F-5478-4390-A6B6-35E2DE78967A}.DebugGame|Android.Build.0 = DebugGame_Game|Tegra-Android
		{B070F22F-5478-4390-A6B6-35E2DE78967A}.DebugGame|HTML5.ActiveCfg = HTML5_DebugGame_Game|Win32
		{B070F22F-5478-4390-A6B6-35E2DE78967A}.DebugGame|HTML5.Build.0 = HTML5_DebugGame_Game|Win32
		{B070F22F-5478-4390-A6B6-35E2DE78967A}.DebugGame|Win32.ActiveCfg = DebugGame_Game|Win32
		{B070F22F-5478-4390-A6B6-35E2DE78967A}.DebugGame|Win32.Build.0 = DebugGame_Game|Win32
		{B070F22F-5478-4390-A6B6-35E2DE78967A}.DebugGame|Win64.ActiveCfg = DebugGame_Game|x64
		{B070F22F-5478-4390-A6B6-35E2DE78967A}.DebugGame|Win64.Build.0 = DebugGame_Game|x64
		{B070F22F-5478-4390-A6B6-35E2DE78967A}.Development Editor|Android.ActiveCfg = Development_Editor|Tegra-Android
		{B070F22F-5478-4390-A6B6-35E2DE78967A}.Development Editor|HTML5.ActiveCfg = HTML5_Development_Editor|Win32
		{B070F22F-5478-4390-A6B6-35E2DE78967A}.Development Editor|Win32.ActiveCfg = Development_Editor|Win32
		{B070F22F-5478-4390-A6B6-35E2DE78967A}.Development Editor|Win64.ActiveCfg = Development_Editor|x64
		{B070F22F-5478-4390-A6B6-35E2DE78967A}.Development Editor|Win64.Build.0 = Development_Editor|x64
		{B070F22F-5478-4390-A6B6-35E2DE78967A}.Development|Android.ActiveCfg = Development_Game|Tegra-Android
		{B070F22F-5478-4390-A6B6-35E2DE78967A}.Development|Android.Build.0 = Development_Game|Tegra-Android
		{B070F22F-5478-4390-A6B6-35E2DE78967A}.Development|HTML5.ActiveCfg = HTML5_Development_Game|Win32
		{B070F22F-5478-4390-A6B6-35E2DE78967A}.Development|HTML5.Build.0 = HTML5_Development_Game|Win32
		{B070F22F-5478-4390-A6B6-35E2DE78967A}.Development|Win32.ActiveCfg = Development_Game|Win32
		{B070F22F-5478-4390-A6B6-35E2DE78967A}.Development|Win32.Build.0 = Development_Game|Win32
		{B070F22F-5478-4390-A6B6-35E2DE78967A}.Development|Win64.ActiveCfg = Development_Game|x64
		{B070F22F-5478-4390-A6B6-35E2DE78967A}.Development|Win64.Build.0 = Development_Game|x64
		{B070F22F-5478-4390-A6B6-35E2DE78967A}.Shipping|Android.ActiveCfg = Shipping_Game|Tegra-Android
		{B070F22F-5478-4390-A6B6-35E2DE78967A}.Shipping|Android.Build.0 = Shipping_Game|Tegra-Android
		{B070F22F-5478-4390-A6B6-35E2DE78967A}.Shipping|HTML5.ActiveCfg = HTML5_Shipping_Game|Win32
		{B070F22F-5478-4390-A6B6-35E2DE78967A}.Shipping|HTML5.Build.0 = HTML5_Shipping_Game|Win32
		{B070F22F-5478-4390-A6B6-35E2DE78967A}.Shipping|Win32.ActiveCfg = Shipping_Game|Win32
		{B070F22F-5478-4390-A6B6-35E2DE78967A}.Shipping|Win32.Build.0 = Shipping_Game|Win32
		{B070F22F-5478-4390-A6B6-35E2DE78967A}.Shipping|Win64.ActiveCfg = Shipping_Game|x64
		{B070F22F-5478-4390-A6B6-35E2DE78967A}.Shipping|Win64.Build.0 = Shipping_Game|x64
	EndGlobalSection
	GlobalSection(SolutionProperties) = preSolution
		HideSolutionNode = FALSE
	EndGlobalSection
	GlobalSection(NestedProjects) = preSolution
		{455E20A9-211D-43F2-A2C0-0B8EC2C48483} = {5489F2C2-11CB-4546-9FC1-A1F403BCA2ED}
		{B070F22F-5478-4390-A6B6-35E2DE78967A} = {BA27D8A0-89CA-4EFB-8F3E-0393373AAA0F}
	EndGlobalSection
EndGlobal
